
Microsoft Visual Studio Solution File, Format Version 12.00
# Visual Studio 2013
VisualStudioVersion = 12.0.31101.0
MinimumVisualStudioVersion = 10.0.40219.1
Project("{FAE04EC0-301F-11D3-BF4B-00C04F79EFBC}") = "Parser", "Parser\Parser.csproj", "{523027C1-64EA-4998-9079-D175E330BADC}"
EndProject
Project("{FAE04EC0-301F-11D3-BF4B-00C04F79EFBC}") = "WebService", "WebService\WebService.csproj", "{CF7094AD-94E9-4D2B-8275-4815850223EB}"
EndProject
Project("{FAE04EC0-301F-11D3-BF4B-00C04F79EFBC}") = "WebService.Tests", "WebService.Tests\WebService.Tests.csproj", "{9C3A4B9F-A616-410A-AB11-F0906504ABC2}"
EndProject
Global
	GlobalSection(SolutionConfigurationPlatforms) = preSolution
		Debug|Any CPU = Debug|Any CPU
		Release|Any CPU = Release|Any CPU
	EndGlobalSection
	GlobalSection(ProjectConfigurationPlatforms) = postSolution
		{523027C1-64EA-4998-9079-D175E330BADC}.Debug|Any CPU.ActiveCfg = Debug|Any CPU
		{523027C1-64EA-4998-9079-D175E330BADC}.Debug|Any CPU.Build.0 = Debug|Any CPU
		{523027C1-64EA-4998-9079-D175E330BADC}.Release|Any CPU.ActiveCfg = Release|Any CPU
		{523027C1-64EA-4998-9079-D175E330BADC}.Release|Any CPU.Build.0 = Release|Any CPU
		{CF7094AD-94E9-4D2B-8275-4815850223EB}.Debug|Any CPU.ActiveCfg = Debug|Any CPU
		{CF7094AD-94E9-4D2B-8275-4815850223EB}.Debug|Any CPU.Build.0 = Debug|Any CPU
		{CF7094AD-94E9-4D2B-8275-4815850223EB}.Release|Any CPU.ActiveCfg = Release|Any CPU
		{CF7094AD-94E9-4D2B-8275-4815850223EB}.Release|Any CPU.Build.0 = Release|Any CPU
		{9C3A4B9F-A616-410A-AB11-F0906504ABC2}.Debug|Any CPU.ActiveCfg = Debug|Any CPU
		{9C3A4B9F-A616-410A-AB11-F0906504ABC2}.Debug|Any CPU.Build.0 = Debug|Any CPU
		{9C3A4B9F-A616-410A-AB11-F0906504ABC2}.Release|Any CPU.ActiveCfg = Release|Any CPU
		{9C3A4B9F-A616-410A-AB11-F0906504ABC2}.Release|Any CPU.Build.0 = Release|Any CPU
	EndGlobalSection
	GlobalSection(SolutionProperties) = preSolution
		HideSolutionNode = FALSE
	EndGlobalSection
EndGlobal
