
Microsoft Visual Studio Solution File, Format Version 12.00
# Visual Studio 2013
VisualStudioVersion = 12.0.31101.0
MinimumVisualStudioVersion = 10.0.40219.1
Project("{FAE04EC0-301F-11D3-BF4B-00C04F79EFBC}") = "WebService", "WebService\WebService.csproj", "{CF7094AD-94E9-4D2B-8275-4815850223EB}"
EndProject
Project("{FAE04EC0-301F-11D3-BF4B-00C04F79EFBC}") = "WebService.Tests", "WebService.Tests\WebService.Tests.csproj", "{9C3A4B9F-A616-410A-AB11-F0906504ABC2}"
EndProject
Project("{FAE04EC0-301F-11D3-BF4B-00C04F79EFBC}") = "Parser", "Parser\Parser.csproj", "{68006720-EACB-4ACC-A87F-9E291729A0A4}"
EndProject
Project("{FAE04EC0-301F-11D3-BF4B-00C04F79EFBC}") = "Data", "Data\Data.csproj", "{78AAB01B-8433-44E0-A005-0590D8B7F34F}"
EndProject
Project("{FAE04EC0-301F-11D3-BF4B-00C04F79EFBC}") = "Data.Common", "Data.Common\Data.Common.csproj", "{7C616481-1A78-4201-AABB-C70A4E33C589}"
EndProject
Project("{FAE04EC0-301F-11D3-BF4B-00C04F79EFBC}") = "Services", "Services\Services.csproj", "{06FD44E7-C56E-437F-A873-93F6391476B4}"
EndProject
Project("{FAE04EC0-301F-11D3-BF4B-00C04F79EFBC}") = "Data.ViewModels", "Data.ViewModels\Data.ViewModels.csproj", "{62FA884C-0590-40BE-AD45-042BE918BDFC}"
EndProject
Project("{FAE04EC0-301F-11D3-BF4B-00C04F79EFBC}") = "WebService.Infrastructure", "WebService.Infrastructure\WebService.Infrastructure.csproj", "{5C99A8B7-DB06-43E8-ADD9-8EC2D4AA93EF}"
EndProject
Project("{2150E333-8FDC-42A3-9474-1A3956D46DE8}") = "Solution Items", "Solution Items", "{3D9ADABF-C7DB-4624-9956-C7DA16900622}"
	ProjectSection(SolutionItems) = preProject
		scrum-tasks.json = scrum-tasks.json
	EndProjectSection
EndProject
Global
	GlobalSection(SolutionConfigurationPlatforms) = preSolution
		Debug|Any CPU = Debug|Any CPU
		Release|Any CPU = Release|Any CPU
	EndGlobalSection
	GlobalSection(ProjectConfigurationPlatforms) = postSolution
		{CF7094AD-94E9-4D2B-8275-4815850223EB}.Debug|Any CPU.ActiveCfg = Debug|Any CPU
		{CF7094AD-94E9-4D2B-8275-4815850223EB}.Debug|Any CPU.Build.0 = Debug|Any CPU
		{CF7094AD-94E9-4D2B-8275-4815850223EB}.Release|Any CPU.ActiveCfg = Release|Any CPU
		{CF7094AD-94E9-4D2B-8275-4815850223EB}.Release|Any CPU.Build.0 = Release|Any CPU
		{9C3A4B9F-A616-410A-AB11-F0906504ABC2}.Debug|Any CPU.ActiveCfg = Debug|Any CPU
		{9C3A4B9F-A616-410A-AB11-F0906504ABC2}.Debug|Any CPU.Build.0 = Debug|Any CPU
		{9C3A4B9F-A616-410A-AB11-F0906504ABC2}.Release|Any CPU.ActiveCfg = Release|Any CPU
		{9C3A4B9F-A616-410A-AB11-F0906504ABC2}.Release|Any CPU.Build.0 = Release|Any CPU
		{68006720-EACB-4ACC-A87F-9E291729A0A4}.Debug|Any CPU.ActiveCfg = Debug|Any CPU
		{68006720-EACB-4ACC-A87F-9E291729A0A4}.Debug|Any CPU.Build.0 = Debug|Any CPU
		{68006720-EACB-4ACC-A87F-9E291729A0A4}.Release|Any CPU.ActiveCfg = Release|Any CPU
		{68006720-EACB-4ACC-A87F-9E291729A0A4}.Release|Any CPU.Build.0 = Release|Any CPU
		{78AAB01B-8433-44E0-A005-0590D8B7F34F}.Debug|Any CPU.ActiveCfg = Debug|Any CPU
		{78AAB01B-8433-44E0-A005-0590D8B7F34F}.Debug|Any CPU.Build.0 = Debug|Any CPU
		{78AAB01B-8433-44E0-A005-0590D8B7F34F}.Release|Any CPU.ActiveCfg = Release|Any CPU
		{78AAB01B-8433-44E0-A005-0590D8B7F34F}.Release|Any CPU.Build.0 = Release|Any CPU
		{7C616481-1A78-4201-AABB-C70A4E33C589}.Debug|Any CPU.ActiveCfg = Debug|Any CPU
		{7C616481-1A78-4201-AABB-C70A4E33C589}.Debug|Any CPU.Build.0 = Debug|Any CPU
		{7C616481-1A78-4201-AABB-C70A4E33C589}.Release|Any CPU.ActiveCfg = Release|Any CPU
		{7C616481-1A78-4201-AABB-C70A4E33C589}.Release|Any CPU.Build.0 = Release|Any CPU
		{06FD44E7-C56E-437F-A873-93F6391476B4}.Debug|Any CPU.ActiveCfg = Debug|Any CPU
		{06FD44E7-C56E-437F-A873-93F6391476B4}.Debug|Any CPU.Build.0 = Debug|Any CPU
		{06FD44E7-C56E-437F-A873-93F6391476B4}.Release|Any CPU.ActiveCfg = Release|Any CPU
		{06FD44E7-C56E-437F-A873-93F6391476B4}.Release|Any CPU.Build.0 = Release|Any CPU
		{62FA884C-0590-40BE-AD45-042BE918BDFC}.Debug|Any CPU.ActiveCfg = Debug|Any CPU
		{62FA884C-0590-40BE-AD45-042BE918BDFC}.Debug|Any CPU.Build.0 = Debug|Any CPU
		{62FA884C-0590-40BE-AD45-042BE918BDFC}.Release|Any CPU.ActiveCfg = Release|Any CPU
		{62FA884C-0590-40BE-AD45-042BE918BDFC}.Release|Any CPU.Build.0 = Release|Any CPU
		{5C99A8B7-DB06-43E8-ADD9-8EC2D4AA93EF}.Debug|Any CPU.ActiveCfg = Debug|Any CPU
		{5C99A8B7-DB06-43E8-ADD9-8EC2D4AA93EF}.Debug|Any CPU.Build.0 = Debug|Any CPU
		{5C99A8B7-DB06-43E8-ADD9-8EC2D4AA93EF}.Release|Any CPU.ActiveCfg = Release|Any CPU
		{5C99A8B7-DB06-43E8-ADD9-8EC2D4AA93EF}.Release|Any CPU.Build.0 = Release|Any CPU
	EndGlobalSection
	GlobalSection(SolutionProperties) = preSolution
		HideSolutionNode = FALSE
	EndGlobalSection
EndGlobal
